{
  "name": "MobileApplication",
  "version": "0.0.1",
  "lockfileVersion": 1,
  "requires": true,
  "dependencies": {
    "jquery": {
      "version": "2.2.4",
      "resolved": "https://registry.npmjs.org/jquery/-/jquery-2.2.4.tgz",
      "integrity": "sha1-LInWiJterFIqfuoywUUhVZxsvwI="
    },
    "jquery-deferred": {
      "version": "0.3.1",
      "resolved": "https://registry.npmjs.org/jquery-deferred/-/jquery-deferred-0.3.1.tgz",
      "integrity": "sha1-WW7KHKr/VPYbEQlisjyv6nTDU1U="
    },
    "ms-signalr-client": {
      "version": "2.2.7",
      "resolved": "https://registry.npmjs.org/ms-signalr-client/-/ms-signalr-client-2.2.7.tgz",
      "integrity": "sha1-g3yTy7XJn2MSdIyXyB+YD9/+B8g=",
      "requires": {
        "jquery": "2.2.4"
      }
    },
    "react-native-signalr": {
      "version": "1.0.4",
      "resolved": "https://registry.npmjs.org/react-native-signalr/-/react-native-signalr-1.0.4.tgz",
      "integrity": "sha1-4S6lftbH9b/S1MEzD8ppske18+E=",
      "requires": {
        "jquery-deferred": "0.3.1",
        "ms-signalr-client": "2.2.7"
      }
    }
  }
}
